<?xml version="1.0" encoding="utf-8"?>
<Project ToolsVersion="4.0" xmlns="http://schemas.microsoft.com/developer/msbuild/2003">
  <ItemGroup>
    <Filter Include="Source Files">
      <UniqueIdentifier>{4FC737F1-C7A5-4376-A066-2A32D752A2FF}</UniqueIdentifier>
      <Extensions>cpp;c;cc;cxx;c++;cppm;ixx;def;odl;idl;hpj;bat;asm;asmx</Extensions>
    </Filter>
    <Filter Include="Header Files">
      <UniqueIdentifier>{93995380-89BD-4b04-88EB-625FBE52EBFB}</UniqueIdentifier>
      <Extensions>h;hh;hpp;hxx;h++;hm;inl;inc;ipp;xsd</Extensions>
    </Filter>
    <Filter Include="Resource Files">
      <UniqueIdentifier>{67DA6AB6-F800-4c08-8B7A-83BB121AAD01}</UniqueIdentifier>
      <Extensions>rc;ico;cur;bmp;dlg;rc2;rct;bin;rgs;gif;jpg;jpeg;jpe;resx;tiff;tif;png;wav;mfcribbon-ms</Extensions>
    </Filter>
  </ItemGroup>
  <ItemGroup>
    <ClCompile Include="main.cpp">
      <Filter>Source Files</Filter>
    </ClCompile>
    <ClCompile Include="Game\Game.cpp">
      <Filter>Source Files</Filter>
    </ClCompile>
    <ClCompile Include="Game\Entities\Entity.cpp">
      <Filter>Source Files</Filter>
    </ClCompile>
    <ClCompile Include="Game\Components\Physics.cpp">
      <Filter>Source Files</Filter>
    </ClCompile>
    <ClCompile Include="Game\Scenes\Game\GameScene.cpp">
      <Filter>Source Files</Filter>
    </ClCompile>
    <ClCompile Include="Game\Scenes\Home\HomeScene.cpp">
      <Filter>Source Files</Filter>
    </ClCompile>
    <ClCompile Include="Game\Scenes\Setting\SettingScene.cpp">
      <Filter>Source Files</Filter>
    </ClCompile>
    <ClCompile Include="Utils\TextureManager.cpp">
      <Filter>Source Files</Filter>
    </ClCompile>
    <ClCompile Include="Utils\Tileset.cpp">
      <Filter>Source Files</Filter>
    </ClCompile>
    <ClCompile Include="Utils\tinyxml2.cpp">
      <Filter>Source Files</Filter>
    </ClCompile>
    <ClCompile Include="Game\Scenes\Scene.cpp">
      <Filter>Source Files</Filter>
    </ClCompile>
    <ClCompile Include="Utils\SceneManager.cpp">
      <Filter>Source Files</Filter>
    </ClCompile>
    <ClCompile Include="Game\Components\Collision.cpp">
      <Filter>Source Files</Filter>
    </ClCompile>
    <ClCompile Include="Game\Entities\Tiles\Tile.cpp">
      <Filter>Source Files</Filter>
    </ClCompile>
    <ClCompile Include="Game\Entities\Actors\Actor.cpp">
      <Filter>Source Files</Filter>
    </ClCompile>
    <ClCompile Include="Game\Control\Command.cpp">
      <Filter>Source Files</Filter>
    </ClCompile>
    <ClCompile Include="Game\Control\CommandManager.cpp">
      <Filter>Source Files</Filter>
    </ClCompile>
    <ClCompile Include="Game\GameConfig.cpp">
      <Filter>Source Files</Filter>
    </ClCompile>
    <ClCompile Include="Game\Scenes\Exit\ExitScene.cpp">
      <Filter>Source Files</Filter>
    </ClCompile>
    <ClCompile Include="Game\Scenes\Login\LoginScene.cpp">
      <Filter>Source Files</Filter>
    </ClCompile>
    <ClCompile Include="UI_Components\Button.cpp">
      <Filter>Source Files</Filter>
    </ClCompile>
    <ClCompile Include="Game\Entities\Actors\Player.cpp">
      <Filter>Source Files</Filter>
    </ClCompile>
    <ClCompile Include="Game\Entities\Map.cpp">
      <Filter>Source Files</Filter>
    </ClCompile>
    <ClCompile Include="Utils\EntityManager.cpp">
      <Filter>Source Files</Filter>
    </ClCompile>
    <ClCompile Include="Utils\SoundManager.cpp">
      <Filter>Source Files</Filter>
    </ClCompile>
    <ClCompile Include="Game\Scenes\Game\Camera.cpp">
      <Filter>Source Files</Filter>
    </ClCompile>
    <ClCompile Include="Game\Control\Commands\PlayerMovement.cpp">
      <Filter>Source Files</Filter>
    </ClCompile>
    <ClCompile Include="Game\Control\KeyExecute.cpp">
      <Filter>Source Files</Filter>
    </ClCompile>
    <ClCompile Include="Game\Entities\Actors\Prop\Collectable.cpp">
      <Filter>Source Files</Filter>
    </ClCompile>
    <ClCompile Include="Game\Entities\Tiles\TileFactory.cpp">
      <Filter>Source Files</Filter>
    </ClCompile>
    <ClCompile Include="Game\Entities\Actors\Enemy\Enemy.cpp">
      <Filter>Source Files</Filter>
    </ClCompile>
    <ClCompile Include="Game\Entities\Actors\Enemy\Goompa.cpp">
      <Filter>Source Files</Filter>
    </ClCompile>
    <ClCompile Include="Game\Entities\Actors\Prop\Coin.cpp">
      <Filter>Source Files</Filter>
    </ClCompile>
    <ClCompile Include="Game\Entities\EntityFactory.cpp">
      <Filter>Source Files</Filter>
    </ClCompile>
    <ClCompile Include="Game\Entities\Tiles\MoveUpTile.cpp">
      <Filter>Source Files</Filter>
    </ClCompile>
    <ClCompile Include="Game\Scenes\Register\RegisterScene.cpp">
      <Filter>Source Files</Filter>
    </ClCompile>
    <ClCompile Include="Game\Scenes\KeyBinding\KeyBindingScene.cpp">
      <Filter>Source Files</Filter>
    </ClCompile>
    <ClCompile Include="UI_Components\TextBox.cpp">
      <Filter>Source Files</Filter>
    </ClCompile>
    <ClCompile Include="Utils\FontManager.cpp">
      <Filter>Source Files</Filter>
    </ClCompile>
    <ClCompile Include="UI_Components\Animation.cpp">
      <Filter>Source Files</Filter>
    </ClCompile>
    <ClCompile Include="UI_Components\VolumeSlider.cpp">
      <Filter>Source Files</Filter>
    </ClCompile>
    <ClCompile Include="Game\Entities\Actors\Enemy\KoopaTroopa.cpp">
      <Filter>Source Files</Filter>
    </ClCompile>
    <ClCompile Include="Game\Entities\Actors\Enemy\PiranhaPlant.cpp">
      <Filter>Source Files</Filter>
    </ClCompile>
    <ClCompile Include="Game\Entities\Actors\Enemy\Fire.cpp">
      <Filter>Source Files</Filter>
    </ClCompile>
    <ClCompile Include="Game\Entities\Actors\Enemy\KingKoopa.cpp">
      <Filter>Source Files</Filter>
    </ClCompile>
    <ClCompile Include="Game\Entities\Actors\Projectile\BrickParticle.cpp">
      <Filter>Source Files</Filter>
    </ClCompile>
    <ClCompile Include="Game\Entities\Actors\AnimationState\AnimationState.cpp">
      <Filter>Source Files</Filter>
    </ClCompile>
    <ClCompile Include="Game\Entities\Actors\Projectile\Fireball.cpp">
      <Filter>Source Files</Filter>
    </ClCompile>
    <ClCompile Include="Game\Entities\Actors\Prop\CastleGate.cpp">
      <Filter>Source Files</Filter>
    </ClCompile>
    <ClCompile Include="Game\Entities\Actors\Prop\Mushroom.cpp">
      <Filter>Source Files</Filter>
    </ClCompile>
    <ClCompile Include="Game\Entities\Actors\Projectile\Projectile.cpp">
      <Filter>Source Files</Filter>
    </ClCompile>
    <ClCompile Include="Game\Entities\Tiles\MovingPlatform.cpp">
      <Filter>Source Files</Filter>
    </ClCompile>
    <ClCompile Include="Game\Entities\Tiles\PipeHead.cpp">
      <Filter>Source Files</Filter>
    </ClCompile>
    <ClCompile Include="Game\Entities\Tiles\QuestionTile.cpp">
      <Filter>Source Files</Filter>
    </ClCompile>
    <ClCompile Include="Utils\QuadTree.cpp">
      <Filter>Source Files</Filter>
    </ClCompile>
    <ClCompile Include="Utils\Observer.cpp">
      <Filter>Source Files</Filter>
    </ClCompile>
    <ClCompile Include="Game\Entities\Tiles\RotateFire.cpp">
      <Filter>Source Files</Filter>
    </ClCompile>
    <ClCompile Include="Game\Scenes\Map\MapScene.cpp">
      <Filter>Source Files</Filter>
    </ClCompile>
    <ClCompile Include="Game\Control\Commands\GameControl.cpp">
      <Filter>Source Files</Filter>
    </ClCompile>
  </ItemGroup>
  <ItemGroup>
    <ClInclude Include="Game\Game.h">
      <Filter>Header Files</Filter>
    </ClInclude>
    <ClInclude Include="Game\Entities\Entity.h">
      <Filter>Header Files</Filter>
    </ClInclude>
    <ClInclude Include="Game\Components\Physics.h">
      <Filter>Header Files</Filter>
    </ClInclude>
    <ClInclude Include="Game\Scenes\Game\GameScene.h">
      <Filter>Header Files</Filter>
    </ClInclude>
    <ClInclude Include="Game\Scenes\Home\HomeScene.h">
      <Filter>Header Files</Filter>
    </ClInclude>
    <ClInclude Include="Game\Scenes\Setting\SettingScene.h">
      <Filter>Header Files</Filter>
    </ClInclude>
    <ClInclude Include="Utils\TextureManager.h">
      <Filter>Header Files</Filter>
    </ClInclude>
    <ClInclude Include="Utils\Tileset.h">
      <Filter>Header Files</Filter>
    </ClInclude>
    <ClInclude Include="Utils\tinyxml2.h">
      <Filter>Header Files</Filter>
    </ClInclude>
    <ClInclude Include="Game\Scenes\Scene.h">
      <Filter>Header Files</Filter>
    </ClInclude>
    <ClInclude Include="Utils\SceneManager.h">
      <Filter>Header Files</Filter>
    </ClInclude>
    <ClInclude Include="Game\Components\Collision.h">
      <Filter>Header Files</Filter>
    </ClInclude>
    <ClInclude Include="Game\Entities\Tiles\Tile.h">
      <Filter>Header Files</Filter>
    </ClInclude>
    <ClInclude Include="Game\Entities\Actors\Actor.h">
      <Filter>Header Files</Filter>
    </ClInclude>
    <ClInclude Include="Game\Control\Command.h">
      <Filter>Header Files</Filter>
    </ClInclude>
    <ClInclude Include="Game\Control\CommandManager.h">
      <Filter>Header Files</Filter>
    </ClInclude>
    <ClInclude Include="Game\GameConfig.h">
      <Filter>Header Files</Filter>
    </ClInclude>
    <ClInclude Include="Game\SceneList.h">
      <Filter>Header Files</Filter>
    </ClInclude>
    <ClInclude Include="Game\Scenes\Exit\ExitScene.h">
      <Filter>Header Files</Filter>
    </ClInclude>
    <ClInclude Include="Game\Scenes\Login\LoginScene.h">
      <Filter>Header Files</Filter>
    </ClInclude>
    <ClInclude Include="UI_Components\Button.h">
      <Filter>Header Files</Filter>
    </ClInclude>
    <ClInclude Include="Game\Entities\Actors\Player.h">
      <Filter>Header Files</Filter>
    </ClInclude>
    <ClInclude Include="Game\Entities\Map.h">
      <Filter>Header Files</Filter>
    </ClInclude>
    <ClInclude Include="Utils\EntityManager.h">
      <Filter>Header Files</Filter>
    </ClInclude>
    <ClInclude Include="Utils\SoundManager.h">
      <Filter>Header Files</Filter>
    </ClInclude>
    <ClInclude Include="Game\Scenes\Game\Camera.h">
      <Filter>Header Files</Filter>
    </ClInclude>
    <ClInclude Include="Game\Control\Commands\PlayerMovement.h">
      <Filter>Header Files</Filter>
    </ClInclude>
    <ClInclude Include="Game\Control\KeyExecute.h">
      <Filter>Header Files</Filter>
    </ClInclude>
    <ClInclude Include="Game\Entities\Actors\Prop\Collectable.h">
      <Filter>Header Files</Filter>
    </ClInclude>
    <ClInclude Include="Game\Entities\Tiles\TileFactory.h">
      <Filter>Header Files</Filter>
    </ClInclude>
    <ClInclude Include="Game\Entities\Actors\Enemy\Enemy.h">
      <Filter>Header Files</Filter>
    </ClInclude>
    <ClInclude Include="Game\Entities\Actors\Enemy\Goompa.h">
      <Filter>Header Files</Filter>
    </ClInclude>
    <ClInclude Include="Game\Entities\Actors\Prop\Coin.h">
      <Filter>Header Files</Filter>
    </ClInclude>
    <ClInclude Include="Game\Entities\EntityFactory.h">
      <Filter>Header Files</Filter>
    </ClInclude>
    <ClInclude Include="Game\Entities\EntityList.h">
      <Filter>Header Files</Filter>
    </ClInclude>
    <ClInclude Include="Game\Entities\Tiles\MoveUpTile.h">
      <Filter>Header Files</Filter>
    </ClInclude>
    <ClInclude Include="Game\Scenes\Register\RegisterScene.h">
      <Filter>Header Files</Filter>
    </ClInclude>
    <ClInclude Include="UI_Components\TextBox.h">
      <Filter>Header Files</Filter>
    </ClInclude>
    <ClInclude Include="Utils\FontManager.h">
      <Filter>Header Files</Filter>
    </ClInclude>
    <ClInclude Include="Game\Entities\Actors\Prop\Mushroom.h">
      <Filter>Header Files</Filter>
    </ClInclude>
    <ClInclude Include="Game\Entities\Actors\Prop\CastleGate.h">
      <Filter>Header Files</Filter>
    </ClInclude>
    <ClInclude Include="Game\Entities\Tiles\PipeHead.h">
      <Filter>Header Files</Filter>
    </ClInclude>
    <ClInclude Include="Game\Entities\Actors\AnimationState\AnimationState.h">
      <Filter>Header Files</Filter>
    </ClInclude>
    <ClInclude Include="Game\Entities\Tiles\MovingPlatform.h">
      <Filter>Header Files</Filter>
    </ClInclude>
    <ClInclude Include="Utils\QuadTree.h">
      <Filter>Header Files</Filter>
    </ClInclude>
    <ClInclude Include="Utils\Observer.h">
      <Filter>Header Files</Filter>
    </ClInclude>
    <ClInclude Include="Game\Entities\Actors\Enemy\KoopaTroopa.h">
      <Filter>Header Files</Filter>
    </ClInclude>
    <ClInclude Include="Game\Entities\Actors\Enemy\PiranhaPlant.h">
      <Filter>Header Files</Filter>
    </ClInclude>
    <ClInclude Include="Game\Entities\Actors\Enemy\Fire.h">
      <Filter>Header Files</Filter>
    </ClInclude>
    <ClInclude Include="Game\Entities\Actors\Enemy\KingKoopa.h">
      <Filter>Header Files</Filter>
    </ClInclude>
    <ClInclude Include="Game\Entities\Actors\Projectile\BrickParticle.h">
      <Filter>Header Files</Filter>
    </ClInclude>
    <ClInclude Include="UI_Components\Animation.h">
      <Filter>Header Files</Filter>
    </ClInclude>
    <ClInclude Include="Game\Entities\Actors\Projectile\Fireball.h">
      <Filter>Header Files</Filter>
    </ClInclude>
    <ClInclude Include="Game\Entities\Actors\Projectile\Projectile.h">
      <Filter>Header Files</Filter>
    </ClInclude>
    <ClInclude Include="Game\Scenes\KeyBinding\KeyBindingScene.h">
      <Filter>Header Files</Filter>
    </ClInclude>
    <ClInclude Include="Utils\json.hpp">
      <Filter>Header Files</Filter>
    </ClInclude>
    <ClInclude Include="UI_Components\VolumeSlider.h">
      <Filter>Header Files</Filter>
    </ClInclude>
    <ClInclude Include="Game\Entities\Tiles\RotateFire.h">
      <Filter>Header Files</Filter>
    </ClInclude>
    <ClInclude Include="Game\Scenes\Map\MapScene.h">
      <Filter>Header Files</Filter>
    </ClInclude>
    <ClInclude Include="Game\Control\Commands\GameControl.h">
      <Filter>Header Files</Filter>
    </ClInclude>
    <ClInclude Include="Game\Entities\Tiles\QuestionTile.h">
      <Filter>Header Files</Filter>
    </ClInclude>
  </ItemGroup>
  <ItemGroup>
    <Font Include="Assets\Fonts\Roboto-Medium.ttf" />
    <Font Include="Assets\Fonts\Font_Pack\mario.ttf" />
  </ItemGroup>
  <ItemGroup>
    <Image Include="UI_Components\UI_Texture_Pack\cat.png">
      <Filter>Resource Files</Filter>
    </Image>
    <Image Include="UI_Components\UI_Texture_Pack\Cloud.png">
      <Filter>Resource Files</Filter>
    </Image>
    <Image Include="UI_Components\UI_Texture_Pack\IdleMario.png">
      <Filter>Resource Files</Filter>
    </Image>
    <Image Include="UI_Components\UI_Texture_Pack\HoveredMario.png">
      <Filter>Resource Files</Filter>
    </Image>
    <Image Include="UI_Components\UI_Texture_Pack\CoinSpriteSheet.png">
      <Filter>Resource Files</Filter>
    </Image>
    <Image Include="UI_Components\UI_Texture_Pack\GoombaSpriteSheet.png">
      <Filter>Resource Files</Filter>
    </Image>
    <Image Include="UI_Components\UI_Texture_Pack\CloudBackground.png">
      <Filter>Resource Files</Filter>
    </Image>
    <Image Include="UI_Components\UI_Texture_Pack\Background.png">
      <Filter>Resource Files</Filter>
    </Image>
    <Image Include="UI_Components\UI_Texture_Pack\OrangeMoon.png">
      <Filter>Resource Files</Filter>
    </Image>
    <Image Include="UI_Components\UI_Texture_Pack\Moon.png">
      <Filter>Resource Files</Filter>
    </Image>
    <Image Include="UI_Components\UI_Texture_Pack\YellowMoon.png">
      <Filter>Resource Files</Filter>
    </Image>
    <Image Include="UI_Components\UI_Texture_Pack\Koopa.png">
      <Filter>Resource Files</Filter>
    </Image>
    <Image Include="UI_Components\UI_Texture_Pack\Pipe.png">
      <Filter>Resource Files</Filter>
    </Image>
    <Image Include="UI_Components\UI_Texture_Pack\LoginBackground.png">
      <Filter>Resource Files</Filter>
    </Image>
    <Image Include="UI_Components\UI_Texture_Pack\Title.png">
      <Filter>Resource Files</Filter>
    </Image>
    <Image Include="UI_Components\UI_Texture_Pack\PinkFlower.png">
      <Filter>Resource Files</Filter>
    </Image>
    <Image Include="UI_Components\UI_Texture_Pack\SadMario.png">
      <Filter>Resource Files</Filter>
    </Image>
    <Image Include="UI_Components\UI_Texture_Pack\HappyMario.png">
      <Filter>Resource Files</Filter>
    </Image>
    <Image Include="UI_Components\UI_Texture_Pack\RegisterBackground.png">
      <Filter>Resource Files</Filter>
    </Image>
    <Image Include="UI_Components\UI_Texture_Pack\SettingSceneBackground.png">
      <Filter>Resource Files</Filter>
    </Image>
    <Image Include="UI_Components\UI_Texture_Pack\knob.png">
      <Filter>Resource Files</Filter>
    </Image>
    <Image Include="UI_Components\UI_Texture_Pack\LuigiWithWrench.png">
      <Filter>Resource Files</Filter>
    </Image>
    <Image Include="UI_Components\UI_Texture_Pack\world2-1.png">
      <Filter>Resource Files</Filter>
    </Image>
    <Image Include="UI_Components\UI_Texture_Pack\world2-2.png">
      <Filter>Resource Files</Filter>
    </Image>
    <Image Include="UI_Components\UI_Texture_Pack\world2-3.png">
      <Filter>Resource Files</Filter>
    </Image>
    <Image Include="UI_Components\UI_Texture_Pack\world2-4.png">
      <Filter>Resource Files</Filter>
    </Image>
    <Image Include="UI_Components\UI_Texture_Pack\world3-1.png">
      <Filter>Resource Files</Filter>
    </Image>
    <Image Include="UI_Components\UI_Texture_Pack\world3-2.png">
      <Filter>Resource Files</Filter>
    </Image>
    <Image Include="UI_Components\UI_Texture_Pack\world3-3.png">
      <Filter>Resource Files</Filter>
    </Image>
    <Image Include="UI_Components\UI_Texture_Pack\world3-4.png">
      <Filter>Resource Files</Filter>
    </Image>
    <Image Include="UI_Components\UI_Texture_Pack\world1-1.png">
      <Filter>Resource Files</Filter>
    </Image>
    <Image Include="UI_Components\UI_Texture_Pack\world1-2.png">
      <Filter>Resource Files</Filter>
    </Image>
    <Image Include="UI_Components\UI_Texture_Pack\world1-3.png">
      <Filter>Resource Files</Filter>
    </Image>
    <Image Include="UI_Components\UI_Texture_Pack\world1-4.png">
      <Filter>Resource Files</Filter>
    </Image>
    <Image Include="UI_Components\UI_Texture_Pack\MapScene.png">
      <Filter>Resource Files</Filter>
    </Image>
    <Image Include="UI_Components\UI_Texture_Pack\wrench.png">
      <Filter>Resource Files</Filter>
    </Image>
    <Image Include="UI_Components\UI_Texture_Pack\back.png">
      <Filter>Resource Files</Filter>
    </Image>
    <Image Include="UI_Components\UI_Texture_Pack\purple.png">
      <Filter>Resource Files</Filter>
    </Image>
  </ItemGroup>
  <ItemGroup>
    <Text Include="Assets\Fonts\font_interface.txt" />
    <Text Include="Assets\Sounds\sound_interface.txt" />
  </ItemGroup>
  <ItemGroup>
    <Text Include="Assets\Fonts\font_interface.txt" />
    <Text Include="Assets\Sounds\sound_interface.txt" />
  </ItemGroup>
</Project>